
Microsoft Visual Studio Solution File, Format Version 12.00
# Visual Studio Version 16
VisualStudioVersion = 16.0.31321.278
MinimumVisualStudioVersion = 10.0.40219.1
Project("{FAE04EC0-301F-11D3-BF4B-00C04F79EFBC}") = "SimpleFTPManager", "SimpleFTPManager\SimpleFTPManager.csproj", "{D53A441F-4DDB-4E99-ACDD-014D6ABCB8C0}"
EndProject
Project("{FAE04EC0-301F-11D3-BF4B-00C04F79EFBC}") = "SimpleFTPManager.Tests", "SimpleFTPManager.Tests\SimpleFTPManager.Tests.csproj", "{A0840728-A336-456C-9FF1-2EAEF04A31E8}"
EndProject
Global
	GlobalSection(SolutionConfigurationPlatforms) = preSolution
		Debug|Any CPU = Debug|Any CPU
		Release|Any CPU = Release|Any CPU
	EndGlobalSection
	GlobalSection(ProjectConfigurationPlatforms) = postSolution
		{D53A441F-4DDB-4E99-ACDD-014D6ABCB8C0}.Debug|Any CPU.ActiveCfg = Debug|Any CPU
		{D53A441F-4DDB-4E99-ACDD-014D6ABCB8C0}.Debug|Any CPU.Build.0 = Debug|Any CPU
		{D53A441F-4DDB-4E99-ACDD-014D6ABCB8C0}.Release|Any CPU.ActiveCfg = Release|Any CPU
		{D53A441F-4DDB-4E99-ACDD-014D6ABCB8C0}.Release|Any CPU.Build.0 = Release|Any CPU
		{A0840728-A336-456C-9FF1-2EAEF04A31E8}.Debug|Any CPU.ActiveCfg = Debug|Any CPU
		{A0840728-A336-456C-9FF1-2EAEF04A31E8}.Debug|Any CPU.Build.0 = Debug|Any CPU
		{A0840728-A336-456C-9FF1-2EAEF04A31E8}.Release|Any CPU.ActiveCfg = Release|Any CPU
		{A0840728-A336-456C-9FF1-2EAEF04A31E8}.Release|Any CPU.Build.0 = Release|Any CPU
	EndGlobalSection
	GlobalSection(SolutionProperties) = preSolution
		HideSolutionNode = FALSE
	EndGlobalSection
	GlobalSection(ExtensibilityGlobals) = postSolution
		SolutionGuid = {D07252AE-78BF-48E8-9A9E-321BBA9E0C77}
	EndGlobalSection
EndGlobal
